
Microsoft Visual Studio Solution File, Format Version 12.00
# Visual Studio Version 17
VisualStudioVersion = 17.3.32825.248
MinimumVisualStudioVersion = 10.0.40219.1
Project("{FAE04EC0-301F-11D3-BF4B-00C04F79EFBC}") = "Wpf_Trigger", "Wpf_Trigger.csproj", "{399D35AA-43DF-451D-B615-06BC33EE7678}"
EndProject
Global
	GlobalSection(SolutionConfigurationPlatforms) = preSolution
		Debug|Any CPU = Debug|Any CPU
		Release|Any CPU = Release|Any CPU
	EndGlobalSection
	GlobalSection(ProjectConfigurationPlatforms) = postSolution
		{399D35AA-43DF-451D-B615-06BC33EE7678}.Debug|Any CPU.ActiveCfg = Debug|Any CPU
		{399D35AA-43DF-451D-B615-06BC33EE7678}.Debug|Any CPU.Build.0 = Debug|Any CPU
		{399D35AA-43DF-451D-B615-06BC33EE7678}.Release|Any CPU.ActiveCfg = Release|Any CPU
		{399D35AA-43DF-451D-B615-06BC33EE7678}.Release|Any CPU.Build.0 = Release|Any CPU
	EndGlobalSection
	GlobalSection(SolutionProperties) = preSolution
		HideSolutionNode = FALSE
	EndGlobalSection
	GlobalSection(ExtensibilityGlobals) = postSolution
		SolutionGuid = {10BCBD99-EF19-41CA-BADE-AC1B1F86DEA5}
	EndGlobalSection
EndGlobal
